
Microsoft Visual Studio Solution File, Format Version 12.00
# Visual Studio Version 16
VisualStudioVersion = 16.0.31402.337
MinimumVisualStudioVersion = 10.0.40219.1
Project("{FAE04EC0-301F-11D3-BF4B-00C04F79EFBC}") = "Contoso.Gaming.Engine.API", "Contoso.Gaming.Engine.API\Contoso.Gaming.Engine.API.csproj", "{767E57D6-5CB3-4451-B5AE-1204E14843CA}"
EndProject
Global
	GlobalSection(SolutionConfigurationPlatforms) = preSolution
		Debug|Any CPU = Debug|Any CPU
		Release|Any CPU = Release|Any CPU
	EndGlobalSection
	GlobalSection(ProjectConfigurationPlatforms) = postSolution
		{767E57D6-5CB3-4451-B5AE-1204E14843CA}.Debug|Any CPU.ActiveCfg = Debug|Any CPU
		{767E57D6-5CB3-4451-B5AE-1204E14843CA}.Debug|Any CPU.Build.0 = Debug|Any CPU
		{767E57D6-5CB3-4451-B5AE-1204E14843CA}.Release|Any CPU.ActiveCfg = Release|Any CPU
		{767E57D6-5CB3-4451-B5AE-1204E14843CA}.Release|Any CPU.Build.0 = Release|Any CPU
	EndGlobalSection
	GlobalSection(SolutionProperties) = preSolution
		HideSolutionNode = FALSE
	EndGlobalSection
	GlobalSection(ExtensibilityGlobals) = postSolution
		SolutionGuid = {C721509F-30A7-44A5-ABA2-476D39A83C25}
	EndGlobalSection
EndGlobal
